{
  "pins" : [
    {
      "identity" : "extensions",
      "kind" : "remoteSourceControl",
      "location" : "https://github.com/Fahrenberg/Extensions.git",
      "state" : {
        "revision" : "e6337297291dfc8ad9cb1f51f4bb1cacdf1decb8",
        "version" : "4.0.2"
      }
    },
    {
      "identity" : "imagecompressionkit",
      "kind" : "remoteSourceControl",
      "location" : "https://github.com/Fahrenberg/ImageCompressionKit.git",
      "state" : {
        "revision" : "76b641b476a4033b5e20538515b40c9b55ea166f",
        "version" : "2.3.4"
      }
    },
    {
      "identity" : "tppdf",
      "kind" : "remoteSourceControl",
      "location" : "https://github.com/techprimate/TPPDF.git",
      "state" : {
        "revision" : "975049c0e1022922580b7927e030901604024925",
        "version" : "2.6.1"
      }
    }
  ],
  "version" : 2
}
